
Microsoft Visual Studio Solution File, Format Version 12.00
# Visual Studio 14
VisualStudioVersion = 14.0.25420.1
MinimumVisualStudioVersion = 10.0.40219.1
Project("{8BB2217D-0F2D-49D1-97BC-3654ED321F3B}") = "Couchbase.Extensions.Caching.IntegrationTests", "test\Couchbase.Extensions.Caching.IntegrationTests\Couchbase.Extensions.Caching.IntegrationTests.xproj", "{1F91B9B9-DF56-4F73-B593-B080272B620D}"
EndProject
Project("{8BB2217D-0F2D-49D1-97BC-3654ED321F3B}") = "Couchbase.Extensions.Caching", "src\Couchbase.Extensions.Caching\Couchbase.Extensions.Caching.xproj", "{700D3F0E-DD70-43CD-9B35-ED12042051D0}"
EndProject
Project("{8BB2217D-0F2D-49D1-97BC-3654ED321F3B}") = "Couchbase.Extensions.Caching.UnitTests", "test\Couchbase.Extensions.Caching.UnitTests\Couchbase.Extensions.Caching.UnitTests.xproj", "{DC727A08-3988-4B71-8362-1F7870B87157}"
EndProject
Project("{8BB2217D-0F2D-49D1-97BC-3654ED321F3B}") = "Couchbase.Extensions.Example", "samples\Couchbase.Extensions.Example\Couchbase.Extensions.Example.xproj", "{3C2FEB48-66F9-4B9B-8098-CC397CF7639C}"
EndProject
Project("{8BB2217D-0F2D-49D1-97BC-3654ED321F3B}") = "Couchbase.Extensions.SessionExample", "samples\Couchbase.Extensions.SessionExample\Couchbase.Extensions.SessionExample.xproj", "{CE9268DC-CA44-46CD-86AF-D2C8943F76BF}"
EndProject
Project("{8BB2217D-0F2D-49D1-97BC-3654ED321F3B}") = "Couchbase.Extensions.Session", "src\Couchbase.Extensions.Session\Couchbase.Extensions.Session.xproj", "{66C1DB94-69F2-4202-BB49-A112915FD932}"
EndProject
Project("{2150E333-8FDC-42A3-9474-1A3956D46DE8}") = "Solution Items", "Solution Items", "{81505E32-788D-4695-BAB4-FF50FCE3D73C}"
	ProjectSection(SolutionItems) = preProject
		global.json = global.json
	EndProjectSection
EndProject
Global
	GlobalSection(SolutionConfigurationPlatforms) = preSolution
		Debug|Any CPU = Debug|Any CPU
		Release|Any CPU = Release|Any CPU
	EndGlobalSection
	GlobalSection(ProjectConfigurationPlatforms) = postSolution
		{1F91B9B9-DF56-4F73-B593-B080272B620D}.Debug|Any CPU.ActiveCfg = Debug|Any CPU
		{1F91B9B9-DF56-4F73-B593-B080272B620D}.Debug|Any CPU.Build.0 = Debug|Any CPU
		{1F91B9B9-DF56-4F73-B593-B080272B620D}.Release|Any CPU.ActiveCfg = Release|Any CPU
		{1F91B9B9-DF56-4F73-B593-B080272B620D}.Release|Any CPU.Build.0 = Release|Any CPU
		{700D3F0E-DD70-43CD-9B35-ED12042051D0}.Debug|Any CPU.ActiveCfg = Debug|Any CPU
		{700D3F0E-DD70-43CD-9B35-ED12042051D0}.Debug|Any CPU.Build.0 = Debug|Any CPU
		{700D3F0E-DD70-43CD-9B35-ED12042051D0}.Release|Any CPU.ActiveCfg = Release|Any CPU
		{700D3F0E-DD70-43CD-9B35-ED12042051D0}.Release|Any CPU.Build.0 = Release|Any CPU
		{DC727A08-3988-4B71-8362-1F7870B87157}.Debug|Any CPU.ActiveCfg = Debug|Any CPU
		{DC727A08-3988-4B71-8362-1F7870B87157}.Debug|Any CPU.Build.0 = Debug|Any CPU
		{DC727A08-3988-4B71-8362-1F7870B87157}.Release|Any CPU.ActiveCfg = Release|Any CPU
		{DC727A08-3988-4B71-8362-1F7870B87157}.Release|Any CPU.Build.0 = Release|Any CPU
		{3C2FEB48-66F9-4B9B-8098-CC397CF7639C}.Debug|Any CPU.ActiveCfg = Debug|Any CPU
		{3C2FEB48-66F9-4B9B-8098-CC397CF7639C}.Debug|Any CPU.Build.0 = Debug|Any CPU
		{3C2FEB48-66F9-4B9B-8098-CC397CF7639C}.Release|Any CPU.ActiveCfg = Release|Any CPU
		{3C2FEB48-66F9-4B9B-8098-CC397CF7639C}.Release|Any CPU.Build.0 = Release|Any CPU
		{CE9268DC-CA44-46CD-86AF-D2C8943F76BF}.Debug|Any CPU.ActiveCfg = Debug|Any CPU
		{CE9268DC-CA44-46CD-86AF-D2C8943F76BF}.Debug|Any CPU.Build.0 = Debug|Any CPU
		{CE9268DC-CA44-46CD-86AF-D2C8943F76BF}.Release|Any CPU.ActiveCfg = Release|Any CPU
		{CE9268DC-CA44-46CD-86AF-D2C8943F76BF}.Release|Any CPU.Build.0 = Release|Any CPU
		{66C1DB94-69F2-4202-BB49-A112915FD932}.Debug|Any CPU.ActiveCfg = Debug|Any CPU
		{66C1DB94-69F2-4202-BB49-A112915FD932}.Debug|Any CPU.Build.0 = Debug|Any CPU
		{66C1DB94-69F2-4202-BB49-A112915FD932}.Release|Any CPU.ActiveCfg = Release|Any CPU
		{66C1DB94-69F2-4202-BB49-A112915FD932}.Release|Any CPU.Build.0 = Release|Any CPU
	EndGlobalSection
	GlobalSection(SolutionProperties) = preSolution
		HideSolutionNode = FALSE
	EndGlobalSection
EndGlobal
